
Microsoft Visual Studio Solution File, Format Version 10.00
# Visual Studio 2008
Project("{FAE04EC0-301F-11D3-BF4B-00C04F79EFBC}") = "GIM.CastleContrib", "app\GIM.CastleContrib\GIM.CastleContrib.csproj", "{2E3A2680-8B42-44A6-B8A9-A0E6F6D4105B}"
EndProject
Project("{FAE04EC0-301F-11D3-BF4B-00C04F79EFBC}") = "GIM.CastleContrib.Tests", "tests\GIM.CastleContrib.Tests\GIM.CastleContrib.Tests.csproj", "{E8F7B81A-EAAD-485E-83EA-604BEC164980}"
EndProject
Global
	GlobalSection(SolutionConfigurationPlatforms) = preSolution
		Debug|Any CPU = Debug|Any CPU
		Release|Any CPU = Release|Any CPU
	EndGlobalSection
	GlobalSection(ProjectConfigurationPlatforms) = postSolution
		{2E3A2680-8B42-44A6-B8A9-A0E6F6D4105B}.Debug|Any CPU.ActiveCfg = Debug|Any CPU
		{2E3A2680-8B42-44A6-B8A9-A0E6F6D4105B}.Debug|Any CPU.Build.0 = Debug|Any CPU
		{2E3A2680-8B42-44A6-B8A9-A0E6F6D4105B}.Release|Any CPU.ActiveCfg = Release|Any CPU
		{2E3A2680-8B42-44A6-B8A9-A0E6F6D4105B}.Release|Any CPU.Build.0 = Release|Any CPU
		{E8F7B81A-EAAD-485E-83EA-604BEC164980}.Debug|Any CPU.ActiveCfg = Debug|Any CPU
		{E8F7B81A-EAAD-485E-83EA-604BEC164980}.Debug|Any CPU.Build.0 = Debug|Any CPU
		{E8F7B81A-EAAD-485E-83EA-604BEC164980}.Release|Any CPU.ActiveCfg = Release|Any CPU
		{E8F7B81A-EAAD-485E-83EA-604BEC164980}.Release|Any CPU.Build.0 = Release|Any CPU
	EndGlobalSection
	GlobalSection(SolutionProperties) = preSolution
		HideSolutionNode = FALSE
	EndGlobalSection
EndGlobal
