
Microsoft Visual Studio Solution File, Format Version 11.00
# Visual Studio 2010
Project("{FAE04EC0-301F-11D3-BF4B-00C04F79EFBC}") = "CantDanceTheLambda", "src\CantDanceTheLambda.csproj", "{6B903E6E-FCB4-4A3C-919D-A9C804C42C6C}"
EndProject
Global
	GlobalSection(SolutionConfigurationPlatforms) = preSolution
		Debug|Any CPU = Debug|Any CPU
		Release|Any CPU = Release|Any CPU
	EndGlobalSection
	GlobalSection(ProjectConfigurationPlatforms) = postSolution
		{6B903E6E-FCB4-4A3C-919D-A9C804C42C6C}.Debug|Any CPU.ActiveCfg = Debug|Any CPU
		{6B903E6E-FCB4-4A3C-919D-A9C804C42C6C}.Debug|Any CPU.Build.0 = Debug|Any CPU
		{6B903E6E-FCB4-4A3C-919D-A9C804C42C6C}.Release|Any CPU.ActiveCfg = Release|Any CPU
		{6B903E6E-FCB4-4A3C-919D-A9C804C42C6C}.Release|Any CPU.Build.0 = Release|Any CPU
	EndGlobalSection
	GlobalSection(SolutionProperties) = preSolution
		HideSolutionNode = FALSE
	EndGlobalSection
EndGlobal
